{
  "version": "3",
  "packages": {
    "specifiers": {
      "jsr:@jeb/encoding@0.0.6": "jsr:@jeb/encoding@0.0.6",
      "jsr:@jeb/encoding@0.0.7": "jsr:@jeb/encoding@0.0.7",
      "jsr:@std/archive@^0.218.2": "jsr:@std/archive@0.218.2",
      "jsr:@std/assert@^0.218.2": "jsr:@std/assert@0.218.2",
      "jsr:@std/bytes@^0.218.2": "jsr:@std/bytes@0.218.2",
      "jsr:@std/cli@^0.218.2": "jsr:@std/cli@0.218.2",
      "jsr:@std/encoding@^0.222.1": "jsr:@std/encoding@0.222.1",
      "jsr:@std/fmt@^0.218.2": "jsr:@std/fmt@0.218.2",
      "jsr:@std/fs@^0.218.2": "jsr:@std/fs@0.218.2",
      "jsr:@std/io@^0.218.2": "jsr:@std/io@0.218.2",
      "jsr:@std/path@^0.218.2": "jsr:@std/path@0.218.2",
      "jsr:@std/streams@^0.218.2": "jsr:@std/streams@0.218.2"
    },
    "jsr": {
      "@jeb/encoding@0.0.6": {
        "integrity": "475df4932c4a655e39e974f656899cdde354e916304e876811c630412f973b7f",
        "dependencies": [
          "jsr:@std/encoding@^0.222.1"
        ]
      },
      "@jeb/encoding@0.0.7": {
        "integrity": "597d4843412c4ec6d7cfe1e73e35f519e384814410a5aeb5ff2d6655b9f16c7a",
        "dependencies": [
          "jsr:@std/encoding@^0.222.1"
        ]
      },
      "@std/archive@0.218.2": {
        "integrity": "bcf2a51953ebb14816d66170a50e1ac8805dd7c31e1b822887708211f5398c37",
        "dependencies": [
          "jsr:@std/io@^0.218.2"
        ]
      },
      "@std/assert@0.218.2": {
        "integrity": "7f0a5a1a8cf86607cd6c2c030584096e1ffad27fc9271429a8cb48cfbdee5eaf"
      },
      "@std/bytes@0.218.2": {
        "integrity": "91fe54b232dcca73856b79a817247f4a651dbb60d51baafafb6408c137241670"
      },
      "@std/cli@0.218.2": {
        "integrity": "7877f41b4369f51b2ee06132b678ceee703051671c0fcea9058c1c0242652098",
        "dependencies": [
          "jsr:@std/assert@^0.218.2"
        ]
      },
      "@std/encoding@0.222.1": {
        "integrity": "fb6c1d38722feebc8d4a5efa3eb2039ecec0d50d053186240484d0c4a4ce1006"
      },
      "@std/fmt@0.218.2": {
        "integrity": "99526449d2505aa758b6cbef81e7dd471d8b28ec0dcb1491d122b284c548788a"
      },
      "@std/fs@0.218.2": {
        "integrity": "dd9431453f7282e8c577cc22c9e6d036055a9a980b5549f887d6012969fabcca",
        "dependencies": [
          "jsr:@std/assert@^0.218.2",
          "jsr:@std/path@^0.218.2"
        ]
      },
      "@std/io@0.218.2": {
        "integrity": "c64fbfa087b7c9d4d386c5672f291f607d88cb7d44fc299c20c713e345f2785f",
        "dependencies": [
          "jsr:@std/assert@^0.218.2",
          "jsr:@std/bytes@^0.218.2"
        ]
      },
      "@std/path@0.218.2": {
        "integrity": "b568fd923d9e53ad76d17c513e7310bda8e755a3e825e6289a0ce536404e2662",
        "dependencies": [
          "jsr:@std/assert@^0.218.2"
        ]
      },
      "@std/streams@0.218.2": {
        "integrity": "2af3cab7bb4364575e8616fd36e8df69c5b2ff49b25c5b865c26178e7da2c096",
        "dependencies": [
          "jsr:@std/assert@^0.218.2",
          "jsr:@std/bytes@^0.218.2",
          "jsr:@std/io@^0.218.2"
        ]
      }
    }
  },
  "remote": {},
  "workspace": {
    "dependencies": [
      "jsr:@david/dax@^0.39.2",
      "jsr:@std/archive@^0.218.2",
      "jsr:@std/assert@^0.218.2",
      "jsr:@std/cli@^0.218.2",
      "jsr:@std/encoding@^0.218.2",
      "jsr:@std/fmt@^0.218.2",
      "jsr:@std/fs@^0.218.2",
      "jsr:@std/io@^0.218.2",
      "jsr:@std/path@^0.218.2",
      "jsr:@std/streams@^0.218.2",
      "npm:code-block-writer@^13.0.1",
      "npm:ts-morph@^21"
    ]
  }
}
